
Microsoft Visual Studio Solution File, Format Version 12.00
# Visual Studio Version 16
VisualStudioVersion = 16.0.28803.352
MinimumVisualStudioVersion = 10.0.40219.1
Project("{FAE04EC0-301F-11D3-BF4B-00C04F79EFBC}") = "UnitTestProject", "UnitTestProject\UnitTestProject.csproj", "{9B5BE8DA-0AB7-4258-BD3F-8B7819BE82F2}"
EndProject
Global
	GlobalSection(SolutionConfigurationPlatforms) = preSolution
		Debug|Any CPU = Debug|Any CPU
		Release|Any CPU = Release|Any CPU
	EndGlobalSection
	GlobalSection(ProjectConfigurationPlatforms) = postSolution
		{9B5BE8DA-0AB7-4258-BD3F-8B7819BE82F2}.Debug|Any CPU.ActiveCfg = Debug|Any CPU
		{9B5BE8DA-0AB7-4258-BD3F-8B7819BE82F2}.Debug|Any CPU.Build.0 = Debug|Any CPU
		{9B5BE8DA-0AB7-4258-BD3F-8B7819BE82F2}.Release|Any CPU.ActiveCfg = Release|Any CPU
		{9B5BE8DA-0AB7-4258-BD3F-8B7819BE82F2}.Release|Any CPU.Build.0 = Release|Any CPU
	EndGlobalSection
	GlobalSection(SolutionProperties) = preSolution
		HideSolutionNode = FALSE
	EndGlobalSection
	GlobalSection(ExtensibilityGlobals) = postSolution
		SolutionGuid = {F4AA8FE9-F030-4F0D-AD47-3E34901D3FF6}
	EndGlobalSection
EndGlobal
